lockfileVersion: 5.3

importers:

  .:
    specifiers:
      '@types/node': ^17.0.5
      bob-esbuild: ^3.2.2
      chalk: ^5.0.0
      esbuild: ^0.14.9
      globby: ^12.0.2
      typescript: ^4.5.4
    dependencies:
      bob-esbuild: 3.2.2_esbuild@0.14.9+typescript@4.5.4
    devDependencies:
      '@types/node': 17.0.5
      chalk: 5.0.0
      esbuild: 0.14.9
      globby: 12.0.2
      typescript: 4.5.4

  packages/subscriptions-transport-ws-envelop:
    specifiers:
      '@types/backo2': ^1.0.1
      '@types/node': ^17.0.5
      '@types/ws': ^8.2.2
      backo2: ^1.0.2
      bob-esbuild: ^3.2.2
      bob-esbuild-cli: ^3.0.1
      esbuild: ^0.14.9
      eventemitter3: ^4.0.7
      graphql: 16.2.0
      isomorphic-ws: ^4.0.1
      iterall: ^1.3.0
      symbol-observable: ^4.0.0
      typescript: ^4.5.4
      ws: ^8.4.0
    dependencies:
      backo2: 1.0.2
      eventemitter3: 4.0.7
      isomorphic-ws: 4.0.1_ws@8.4.0
      iterall: 1.3.0
      symbol-observable: 4.0.0
    devDependencies:
      '@types/backo2': 1.0.1
      '@types/node': 17.0.5
      '@types/ws': 8.2.2
      bob-esbuild: 3.2.2_esbuild@0.14.9+typescript@4.5.4
      bob-esbuild-cli: 3.0.1_bob-esbuild@3.2.2
      esbuild: 0.14.9
      graphql: 16.2.0
      typescript: 4.5.4
      ws: 8.4.0

packages:

  /@nodelib/fs.scandir/2.1.5:
    resolution: {integrity: sha512-vq24Bq3ym5HEQm2NKCr3yXDwjc7vTsEThRDnkp2DK9p1uqLR+DHurm/NOTo0KG7HYHU7eppKZj3MyqYuMBf62g==}
    engines: {node: '>= 8'}
    dependencies:
      '@nodelib/fs.stat': 2.0.5
      run-parallel: 1.2.0
    dev: true

  /@nodelib/fs.stat/2.0.5:
    resolution: {integrity: sha512-RkhPPp2zrqDAQA/2jNhnztcPAlv64XdhIp7a7454A5ovI7Bukxgt7MX7udwAu3zg1DcpPU0rz3VV1SeaqvY4+A==}
    engines: {node: '>= 8'}
    dev: true

  /@nodelib/fs.walk/1.2.8:
    resolution: {integrity: sha512-oGB+UxlgWcgQkgwo8GcEGwemoTFt3FIO9ababBmaGwXIoBKZ+GTy0pP185beGg7Llih/NSHSV2XAs1lnznocSg==}
    engines: {node: '>= 8'}
    dependencies:
      '@nodelib/fs.scandir': 2.1.5
      fastq: 1.13.0
    dev: true

  /@rollup/pluginutils/4.1.2:
    resolution: {integrity: sha512-ROn4qvkxP9SyPeHaf7uQC/GPFY6L/OWy9+bd9AwcjOAWQwxRscoEyAUD8qCY5o5iL4jqQwoLk2kaTKJPb/HwzQ==}
    engines: {node: '>= 8.0.0'}
    dependencies:
      estree-walker: 2.0.2
      picomatch: 2.3.0

  /@types/backo2/1.0.1:
    resolution: {integrity: sha512-teQyH3dwlHcnZ2HVQJ51sH1Duo8pI/wNXn6Bpse3ID9sVqpbd5eKQApGGAjYtb+6vlCGcEoXtaQW9/O8MJsdfQ==}
    dev: true

  /@types/node/17.0.5:
    resolution: {integrity: sha512-w3mrvNXLeDYV1GKTZorGJQivK6XLCoGwpnyJFbJVK/aTBQUxOCaa/GlFAAN3OTDFcb7h5tiFG+YXCO2By+riZw==}
    dev: true

  /@types/ws/8.2.2:
    resolution: {integrity: sha512-NOn5eIcgWLOo6qW8AcuLZ7G8PycXu0xTxxkS6Q18VWFxgPUSOwV0pBj2a/4viNZVu25i7RIB7GttdkAIUUXOOg==}
    dependencies:
      '@types/node': 17.0.5
    dev: true

  /array-union/3.0.1:
    resolution: {integrity: sha512-1OvF9IbWwaeiM9VhzYXVQacMibxpXOMYVNIvMtKRyX9SImBXpKcFr8XvFDeEslCyuH/t6KRt7HEO94AlP8Iatw==}
    engines: {node: '>=12'}
    dev: true

  /backo2/1.0.2:
    resolution: {integrity: sha1-MasayLEpNjRj41s+u2n038+6eUc=}
    dev: false

  /bob-esbuild-cli/3.0.1_bob-esbuild@3.2.2:
    resolution: {integrity: sha512-YpR8vEBqdiG+IVrgJA3hdIJnh1P6KKxDFO6RTXbbnhjGSmv9k7h4K86PKfCG6cKWJ9zkaE8iDF+i6T0pUfnI9A==}
    engines: {node: '>=12.0.0'}
    hasBin: true
    peerDependencies:
      bob-esbuild: ^3.1.1
    dependencies:
      bob-esbuild: 3.2.2_esbuild@0.14.9+typescript@4.5.4
      commander: 8.3.0
    dev: true

  /bob-esbuild-plugin/3.1.3_esbuild@0.14.9+rollup@2.62.0:
    resolution: {integrity: sha512-UC9rXnhQ9S4PwOqaw+ttMcQVhpu+HkEJpocEXEZ1EA1JOoqbi7gPVmsSwnj4jo/PhKS9lWi7FEhxJn0evQvWUQ==}
    peerDependencies:
      esbuild: '>=0.14.9'
      rollup: '*'
    dependencies:
      '@rollup/pluginutils': 4.1.2
      esbuild: 0.14.9
      rollup: 2.62.0

  /bob-esbuild/3.2.2_esbuild@0.14.9+typescript@4.5.4:
    resolution: {integrity: sha512-NSAz4qw9UF0THG8+f1150M9UVxDX+PEdJxouWuWVxm1Wmq9G7f8Ubip5efdVfJ0wSyHqmcsdyk7elAicJpfk3Q==}
    peerDependencies:
      esbuild: '>=0.14.9'
      typescript: '*'
    dependencies:
      bob-esbuild-plugin: 3.1.3_esbuild@0.14.9+rollup@2.62.0
      esbuild: 0.14.9
      rollup: 2.62.0
      typescript: 4.5.4

  /braces/3.0.2:
    resolution: {integrity: sha512-b8um+L1RzM3WDSzvhm6gIz1yfTbBt6YTlcEKAvsmqCZZFw46z626lVj9j1yEPW33H5H+lBQpZMP1k8l+78Ha0A==}
    engines: {node: '>=8'}
    dependencies:
      fill-range: 7.0.1
    dev: true

  /chalk/5.0.0:
    resolution: {integrity: sha512-/duVOqst+luxCQRKEo4bNxinsOQtMP80ZYm7mMqzuh5PociNL0PvmHFvREJ9ueYL2TxlHjBcmLCdmocx9Vg+IQ==}
    engines: {node: ^12.17.0 || ^14.13 || >=16.0.0}
    dev: true

  /commander/8.3.0:
    resolution: {integrity: sha512-OkTL9umf+He2DZkUq8f8J9of7yL6RJKI24dVITBmNfZBmri9zYZQrKkuXiKhyfPSu8tUhnVBB1iKXevvnlR4Ww==}
    engines: {node: '>= 12'}
    dev: true

  /dir-glob/3.0.1:
    resolution: {integrity: sha512-WkrWp9GR4KXfKGYzOLmTuGVi1UWFfws377n9cc55/tb6DuqyF6pcQ5AbiHEshaDpY9v6oaSr2XCDidGmMwdzIA==}
    engines: {node: '>=8'}
    dependencies:
      path-type: 4.0.0
    dev: true

  /esbuild-android-arm64/0.14.9:
    resolution: {integrity: sha512-VpSCuUR07G4Re/5QzqtdxS5ZgxkCRyzu4Kf5SH1/EkXzRGeoWQt8xirkOMK58pfmg/FlS/fQNgwl3Txej4LoVg==}
    cpu: [arm64]
    os: [android]
    requiresBuild: true
    dev: true
    optional: true

  /esbuild-darwin-64/0.14.9:
    resolution: {integrity: sha512-F/RcRHMG5ccAL8n9VIy8ZC4D0IHZrN/1IhHQbY4qPXrMlh42FucR0TW4lr3vdHF3caaId1jdDSQQJ7jXR+ZC5Q==}
    cpu: [x64]
    os: [darwin]
    requiresBuild: true
    dev: true
    optional: true

  /esbuild-darwin-arm64/0.14.9:
    resolution: {integrity: sha512-3ue+1T4FR5TaAu4/V1eFMG8Uwn0pgAwQZb/WwL1X78d5Cy8wOVQ67KNH1lsjU+y/9AcwMKZ9x0GGNxBB4a1Rbw==}
    cpu: [arm64]
    os: [darwin]
    requiresBuild: true
    dev: true
    optional: true

  /esbuild-freebsd-64/0.14.9:
    resolution: {integrity: sha512-0YEjWt6ijaf5Y3Q50YS1lZxuWZWMV/T7atQEuQnF8ioq5jamrVr8j1TZ9+rxcLgH1lBMsXj8IwW+6BleXredEg==}
    cpu: [x64]
    os: [freebsd]
    requiresBuild: true
    dev: true
    optional: true

  /esbuild-freebsd-arm64/0.14.9:
    resolution: {integrity: sha512-82w5qMgEeYvf8+vX/2KE5TOZf8rv8VK4TFiK6lDzdgdwwmBU5C8kdT3rO5Llan2K2LKndrou1eyi/fHwFcwPJQ==}
    cpu: [arm64]
    os: [freebsd]
    requiresBuild: true
    dev: true
    optional: true

  /esbuild-linux-32/0.14.9:
    resolution: {integrity: sha512-eu8J8HNpco7Mkd7T7djQRzGBeuve41kbXRxFHOwwbZXMNQojXjBqLuradi5i/Vsw+CA4G/yVpmJI2S75Cit2mQ==}
    cpu: [ia32]
    os: [linux]
    requiresBuild: true
    dev: true
    optional: true

  /esbuild-linux-64/0.14.9:
    resolution: {integrity: sha512-WoEI+R6/PLZAxS7XagfQMFgRtLUi5cjqqU9VCfo3tnWmAXh/wt8QtUfCVVCcXVwZLS/RNvI19CtfjlrJU61nOg==}
    cpu: [x64]
    os: [linux]
    requiresBuild: true
    dev: true
    optional: true

  /esbuild-linux-arm/0.14.9:
    resolution: {integrity: sha512-d3k1ZPREjaKYyhsS8x3jvc4ekjIZ8SmuihP60mrN1f6p5y07NKWw9i0OWD1p6hy+7g6cjMWq00tstMIikGB9Yg==}
    cpu: [arm]
    os: [linux]
    requiresBuild: true
    dev: true
    optional: true

  /esbuild-linux-arm64/0.14.9:
    resolution: {integrity: sha512-joUE0yQgWMDkQqBx3+6SdNCVZ10F1O4+WM94moghvhdTzkYpECIc/WvfqMF/w0V8Hecw3QJ7vugO7jsFlXXd4Q==}
    cpu: [arm64]
    os: [linux]
    requiresBuild: true
    dev: true
    optional: true

  /esbuild-linux-mips64le/0.14.9:
    resolution: {integrity: sha512-ZAuheiDRo2c4rxx8GUTEwPvos0zUwCYjP9K2WfCSmDL6m3RpaObCQhZghrDuoIUwvc/D6SWuABsKE9VzogsltQ==}
    cpu: [mips64el]
    os: [linux]
    requiresBuild: true
    dev: true
    optional: true

  /esbuild-linux-ppc64le/0.14.9:
    resolution: {integrity: sha512-Pm8FeG5l314k3a2mbu3SAc5E2eLFuGUsGiSlw8V6xtA4whxJ7rit7951w9jBhz+1Vqqtqprg2IYTng3j2CGhVw==}
    cpu: [ppc64]
    os: [linux]
    requiresBuild: true
    dev: true
    optional: true

  /esbuild-linux-s390x/0.14.9:
    resolution: {integrity: sha512-G8FNZygV82N1/LOfPD8ZX7Mn1dPpKKPrZc93ebSJ8/VgNIafOAhV5vaeK1lhcx6ZSu+jJU/UyQQMG1CIvHRIaw==}
    cpu: [s390x]
    os: [linux]
    requiresBuild: true
    dev: true
    optional: true

  /esbuild-netbsd-64/0.14.9:
    resolution: {integrity: sha512-b7vPrn5XN0GRtNAQ3w+gq8AwUfWSRBkcPAdA5UUT5rkrw7wKFyMqi2/zREBc/Knu5YOsLmZPQSoM8QL6qy79cg==}
    cpu: [x64]
    os: [netbsd]
    requiresBuild: true
    dev: true
    optional: true

  /esbuild-openbsd-64/0.14.9:
    resolution: {integrity: sha512-w95Rt/vmVhZWfzZmeoMIHxbFiOFDmxC7GEdnCbDTXX2vlwKu+CIDIKOgWW+R1T2JqTNo5tu9dRkngKZMfbUo/A==}
    cpu: [x64]
    os: [openbsd]
    requiresBuild: true
    dev: true
    optional: true

  /esbuild-sunos-64/0.14.9:
    resolution: {integrity: sha512-mzgmQZAVGo+uLkQXTY0viqVSEQKesmR5OEMMq1jM/2jucbZUcyaq8dVKRIWJJEzwNgZ6MpeOpshUtOzGxxy8ag==}
    cpu: [x64]
    os: [sunos]
    requiresBuild: true
    dev: true
    optional: true

  /esbuild-windows-32/0.14.9:
    resolution: {integrity: sha512-sYHEJLwdDJpjjSUyIGqPC1GRXl0Z/YT1K85Tcrv4iqZEXFR0rT7sTV+E0XC911FbTJHfuAdUJixkwAQeLMdrUg==}
    cpu: [ia32]
    os: [win32]
    requiresBuild: true
    dev: true
    optional: true

  /esbuild-windows-64/0.14.9:
    resolution: {integrity: sha512-xJTpyFzpH51LGlVR2C3P+Gpnjujsx5kEtJj5V/x8TyD94VW+EpszyND/pay15CIF64pWywyQt2jmGUDl6kzkEw==}
    cpu: [x64]
    os: [win32]
    requiresBuild: true
    dev: true
    optional: true

  /esbuild-windows-arm64/0.14.9:
    resolution: {integrity: sha512-NKPPsYVlHqdF0yMuMJrjuAzqS/BHrMXZ8TN1Du+Pgi8KkmxzNXRPDHQV0NPPJ+Z7Lp09joEHSz1zrvQRs1j6jw==}
    cpu: [arm64]
    os: [win32]
    requiresBuild: true
    dev: true
    optional: true

  /esbuild/0.14.9:
    resolution: {integrity: sha512-uuT3kFsfUvzNW6I2RKKIHuCvutY/U9KFcAP6emUm98WvBhyhEr5vGkZLeN3r3vXfoykl+7xekAH8Ky09LXBd0Q==}
    hasBin: true
    requiresBuild: true
    optionalDependencies:
      esbuild-android-arm64: 0.14.9
      esbuild-darwin-64: 0.14.9
      esbuild-darwin-arm64: 0.14.9
      esbuild-freebsd-64: 0.14.9
      esbuild-freebsd-arm64: 0.14.9
      esbuild-linux-32: 0.14.9
      esbuild-linux-64: 0.14.9
      esbuild-linux-arm: 0.14.9
      esbuild-linux-arm64: 0.14.9
      esbuild-linux-mips64le: 0.14.9
      esbuild-linux-ppc64le: 0.14.9
      esbuild-linux-s390x: 0.14.9
      esbuild-netbsd-64: 0.14.9
      esbuild-openbsd-64: 0.14.9
      esbuild-sunos-64: 0.14.9
      esbuild-windows-32: 0.14.9
      esbuild-windows-64: 0.14.9
      esbuild-windows-arm64: 0.14.9
    dev: true

  /estree-walker/2.0.2:
    resolution: {integrity: sha512-Rfkk/Mp/DL7JVje3u18FxFujQlTNR2q6QfMSMB7AvCBx91NGj/ba3kCfza0f6dVDbw7YlRf/nDrn7pQrCCyQ/w==}

  /eventemitter3/4.0.7:
    resolution: {integrity: sha512-8guHBZCwKnFhYdHr2ysuRWErTwhoN2X8XELRlrRwpmfeY2jjuUN4taQMsULKUVo1K4DvZl+0pgfyoysHxvmvEw==}
    dev: false

  /fast-glob/3.2.7:
    resolution: {integrity: sha512-rYGMRwip6lUMvYD3BTScMwT1HtAs2d71SMv66Vrxs0IekGZEjhM0pcMfjQPnknBt2zeCwQMEupiN02ZP4DiT1Q==}
    engines: {node: '>=8'}
    dependencies:
      '@nodelib/fs.stat': 2.0.5
      '@nodelib/fs.walk': 1.2.8
      glob-parent: 5.1.2
      merge2: 1.4.1
      micromatch: 4.0.4
    dev: true

  /fastq/1.13.0:
    resolution: {integrity: sha512-YpkpUnK8od0o1hmeSc7UUs/eB/vIPWJYjKck2QKIzAf71Vm1AAQ3EbuZB3g2JIy+pg+ERD0vqI79KyZiB2e2Nw==}
    dependencies:
      reusify: 1.0.4
    dev: true

  /fill-range/7.0.1:
    resolution: {integrity: sha512-qOo9F+dMUmC2Lcb4BbVvnKJxTPjCm+RRpe4gDuGrzkL7mEVl/djYSu2OdQ2Pa302N4oqkSg9ir6jaLWJ2USVpQ==}
    engines: {node: '>=8'}
    dependencies:
      to-regex-range: 5.0.1
    dev: true

  /fsevents/2.3.2:
    resolution: {integrity: sha512-xiqMQR4xAeHTuB9uWm+fFRcIOgKBMiOBP+eXiyT7jsgVCq1bkVygt00oASowB7EdtpOHaaPgKt812P9ab+DDKA==}
    engines: {node: ^8.16.0 || ^10.6.0 || >=11.0.0}
    os: [darwin]
    requiresBuild: true
    optional: true

  /glob-parent/5.1.2:
    resolution: {integrity: sha512-AOIgSQCepiJYwP3ARnGx+5VnTu2HBYdzbGP45eLw1vr3zB3vZLeyed1sC9hnbcOc9/SrMyM5RPQrkGz4aS9Zow==}
    engines: {node: '>= 6'}
    dependencies:
      is-glob: 4.0.3
    dev: true

  /globby/12.0.2:
    resolution: {integrity: sha512-lAsmb/5Lww4r7MM9nCCliDZVIKbZTavrsunAsHLr9oHthrZP1qi7/gAnHOsUs9bLvEt2vKVJhHmxuL7QbDuPdQ==}
    engines: {node: ^12.20.0 || ^14.13.1 || >=16.0.0}
    dependencies:
      array-union: 3.0.1
      dir-glob: 3.0.1
      fast-glob: 3.2.7
      ignore: 5.2.0
      merge2: 1.4.1
      slash: 4.0.0
    dev: true

  /graphql/16.2.0:
    resolution: {integrity: sha512-MuQd7XXrdOcmfwuLwC2jNvx0n3rxIuNYOxUtiee5XOmfrWo613ar2U8pE7aHAKh8VwfpifubpD9IP+EdEAEOsA==}
    engines: {node: ^12.22.0 || ^14.16.0 || >=16.0.0}
    dev: true

  /ignore/5.2.0:
    resolution: {integrity: sha512-CmxgYGiEPCLhfLnpPp1MoRmifwEIOgjcHXxOBjv7mY96c+eWScsOP9c112ZyLdWHi0FxHjI+4uVhKYp/gcdRmQ==}
    engines: {node: '>= 4'}
    dev: true

  /is-extglob/2.1.1:
    resolution: {integrity: sha1-qIwCU1eR8C7TfHahueqXc8gz+MI=}
    engines: {node: '>=0.10.0'}
    dev: true

  /is-glob/4.0.3:
    resolution: {integrity: sha512-xelSayHH36ZgE7ZWhli7pW34hNbNl8Ojv5KVmkJD4hBdD3th8Tfk9vYasLM+mXWOZhFkgZfxhLSnrwRr4elSSg==}
    engines: {node: '>=0.10.0'}
    dependencies:
      is-extglob: 2.1.1
    dev: true

  /is-number/7.0.0:
    resolution: {integrity: sha512-41Cifkg6e8TylSpdtTpeLVMqvSBEVzTttHvERD741+pnZ8ANv0004MRL43QKPDlK9cGvNp6NZWZUBlbGXYxxng==}
    engines: {node: '>=0.12.0'}
    dev: true

  /isomorphic-ws/4.0.1_ws@8.4.0:
    resolution: {integrity: sha512-BhBvN2MBpWTaSHdWRb/bwdZJ1WaehQ2L1KngkCkfLUGF0mAWAT1sQUQacEmQ0jXkFw/czDXPNQSL5u2/Krsz1w==}
    peerDependencies:
      ws: '*'
    dependencies:
      ws: 8.4.0
    dev: false

  /iterall/1.3.0:
    resolution: {integrity: sha512-QZ9qOMdF+QLHxy1QIpUHUU1D5pS2CG2P69LF6L6CPjPYA/XMOmKV3PZpawHoAjHNyB0swdVTRxdYT4tbBbxqwg==}
    dev: false

  /merge2/1.4.1:
    resolution: {integrity: sha512-8q7VEgMJW4J8tcfVPy8g09NcQwZdbwFEqhe/WZkoIzjn/3TGDwtOCYtXGxA3O8tPzpczCCDgv+P2P5y00ZJOOg==}
    engines: {node: '>= 8'}
    dev: true

  /micromatch/4.0.4:
    resolution: {integrity: sha512-pRmzw/XUcwXGpD9aI9q/0XOwLNygjETJ8y0ao0wdqprrzDa4YnxLcz7fQRZr8voh8V10kGhABbNcHVk5wHgWwg==}
    engines: {node: '>=8.6'}
    dependencies:
      braces: 3.0.2
      picomatch: 2.3.0
    dev: true

  /path-type/4.0.0:
    resolution: {integrity: sha512-gDKb8aZMDeD/tZWs9P6+q0J9Mwkdl6xMV8TjnGP3qJVJ06bdMgkbBlLU8IdfOsIsFz2BW1rNVT3XuNEl8zPAvw==}
    engines: {node: '>=8'}
    dev: true

  /picomatch/2.3.0:
    resolution: {integrity: sha512-lY1Q/PiJGC2zOv/z391WOTD+Z02bCgsFfvxoXXf6h7kv9o+WmsmzYqrAwY63sNgOxE4xEdq0WyUnXfKeBrSvYw==}
    engines: {node: '>=8.6'}

  /queue-microtask/1.2.3:
    resolution: {integrity: sha512-NuaNSa6flKT5JaSYQzJok04JzTL1CA6aGhv5rfLW3PgqA+M2ChpZQnAC8h8i4ZFkBS8X5RqkDBHA7r4hej3K9A==}
    dev: true

  /reusify/1.0.4:
    resolution: {integrity: sha512-U9nH88a3fc/ekCF1l0/UP1IosiuIjyTh7hBvXVMHYgVcfGvt897Xguj2UOLDeI5BG2m7/uwyaLVT6fbtCwTyzw==}
    engines: {iojs: '>=1.0.0', node: '>=0.10.0'}
    dev: true

  /rollup/2.62.0:
    resolution: {integrity: sha512-cJEQq2gwB0GWMD3rYImefQTSjrPYaC6s4J9pYqnstVLJ1CHa/aZNVkD4Epuvg4iLeMA4KRiq7UM7awKK6j7jcw==}
    engines: {node: '>=10.0.0'}
    hasBin: true
    optionalDependencies:
      fsevents: 2.3.2

  /run-parallel/1.2.0:
    resolution: {integrity: sha512-5l4VyZR86LZ/lDxZTR6jqL8AFE2S0IFLMP26AbjsLVADxHdhB/c0GUsH+y39UfCi3dzz8OlQuPmnaJOMoDHQBA==}
    dependencies:
      queue-microtask: 1.2.3
    dev: true

  /slash/4.0.0:
    resolution: {integrity: sha512-3dOsAHXXUkQTpOYcoAxLIorMTp4gIQr5IW3iVb7A7lFIp0VHhnynm9izx6TssdrIcVIESAlVjtnO2K8bg+Coew==}
    engines: {node: '>=12'}
    dev: true

  /symbol-observable/4.0.0:
    resolution: {integrity: sha512-b19dMThMV4HVFynSAM1++gBHAbk2Tc/osgLIBZMKsyqh34jb2e8Os7T6ZW/Bt3pJFdBTd2JwAnAAEQV7rSNvcQ==}
    engines: {node: '>=0.10'}
    dev: false

  /to-regex-range/5.0.1:
    resolution: {integrity: sha512-65P7iz6X5yEr1cwcgvQxbbIw7Uk3gOy5dIdtZ4rDveLqhrdJP+Li/Hx6tyK0NEb+2GCyneCMJiGqrADCSNk8sQ==}
    engines: {node: '>=8.0'}
    dependencies:
      is-number: 7.0.0
    dev: true

  /typescript/4.5.4:
    resolution: {integrity: sha512-VgYs2A2QIRuGphtzFV7aQJduJ2gyfTljngLzjpfW9FoYZF6xuw1W0vW9ghCKLfcWrCFxK81CSGRAvS1pn4fIUg==}
    engines: {node: '>=4.2.0'}
    hasBin: true
    dev: true

  /ws/8.4.0:
    resolution: {integrity: sha512-IHVsKe2pjajSUIl4KYMQOdlyliovpEPquKkqbwswulszzI7r0SfQrxnXdWAEqOlDCLrVSJzo+O1hAwdog2sKSQ==}
    engines: {node: '>=10.0.0'}
    peerDependencies:
      bufferutil: ^4.0.1
      utf-8-validate: ^5.0.2
    peerDependenciesMeta:
      bufferutil:
        optional: true
      utf-8-validate:
        optional: true
    dev: true
